
Microsoft Visual Studio Solution File, Format Version 12.00
# Visual Studio 15
VisualStudioVersion = 15.0.28307.1062
MinimumVisualStudioVersion = 10.0.40219.1
Project("{8BC9CEB8-8B4A-11D0-8D11-00A0C91BC942}") = "brightness", "brightness.vcxproj", "{C17E65E6-2429-4861-BBCC-F55A577C8C44}"
EndProject
Global
	GlobalSection(SolutionConfigurationPlatforms) = preSolution
		Debug|x64 = Debug|x64
		Debug|x86 = Debug|x86
		Release|x64 = Release|x64
		Release|x86 = Release|x86
	EndGlobalSection
	GlobalSection(ProjectConfigurationPlatforms) = postSolution
		{C17E65E6-2429-4861-BBCC-F55A577C8C44}.Debug|x64.ActiveCfg = Debug|x64
		{C17E65E6-2429-4861-BBCC-F55A577C8C44}.Debug|x64.Build.0 = Debug|x64
		{C17E65E6-2429-4861-BBCC-F55A577C8C44}.Debug|x86.ActiveCfg = Debug|Win32
		{C17E65E6-2429-4861-BBCC-F55A577C8C44}.Debug|x86.Build.0 = Debug|Win32
		{C17E65E6-2429-4861-BBCC-F55A577C8C44}.Release|x64.ActiveCfg = Release|x64
		{C17E65E6-2429-4861-BBCC-F55A577C8C44}.Release|x64.Build.0 = Release|x64
		{C17E65E6-2429-4861-BBCC-F55A577C8C44}.Release|x86.ActiveCfg = Release|Win32
		{C17E65E6-2429-4861-BBCC-F55A577C8C44}.Release|x86.Build.0 = Release|Win32
	EndGlobalSection
	GlobalSection(SolutionProperties) = preSolution
		HideSolutionNode = FALSE
	EndGlobalSection
	GlobalSection(ExtensibilityGlobals) = postSolution
		SolutionGuid = {97757832-810A-4226-9636-25BFCF1DA414}
	EndGlobalSection
EndGlobal
